// !$*UTF8*$!
{
	archiveVersion = 1;
	classes = {
	};
	objectVersion = 46;
	objects = {

/* Begin PBXBuildFile section */
		378C45091785550B008C253D /* UIKit.framework in Frameworks */ = {isa = PBXBuildFile; fileRef = 378C45081785550B008C253D /* UIKit.framework */; };
		378C450B1785550B008C253D /* Foundation.framework in Frameworks */ = {isa = PBXBuildFile; fileRef = 378C450A1785550B008C253D /* Foundation.framework */; };
		378C450D1785550B008C253D /* CoreGraphics.framework in Frameworks */ = {isa = PBXBuildFile; fileRef = 378C450C1785550B008C253D /* CoreGraphics.framework */; };
		378C45131785550B008C253D /* InfoPlist.strings in Resources */ = {isa = PBXBuildFile; fileRef = 378C45111785550B008C253D /* InfoPlist.strings */; };
		378C45151785550B008C253D /* main.m in Sources */ = {isa = PBXBuildFile; fileRef = 378C45141785550B008C253D /* main.m */; };
		378C45191785550B008C253D /* AppDelegate.m in Sources */ = {isa = PBXBuildFile; fileRef = 378C45181785550B008C253D /* AppDelegate.m */; };
		378C451B1785550B008C253D /* Default.png in Resources */ = {isa = PBXBuildFile; fileRef = 378C451A1785550B008C253D /* Default.png */; };
		378C451D1785550B008C253D /* Default@2x.png in Resources */ = {isa = PBXBuildFile; fileRef = 378C451C1785550B008C253D /* Default@2x.png */; };
		378C451F1785550B008C253D /* Default-568h@2x.png in Resources */ = {isa = PBXBuildFile; fileRef = 378C451E1785550B008C253D /* Default-568h@2x.png */; };
		378C45271785552B008C253D /* BIOFanController.m in Sources */ = {isa = PBXBuildFile; fileRef = 378C45261785552B008C253D /* BIOFanController.m */; };
		378C452917855568008C253D /* QuartzCore.framework in Frameworks */ = {isa = PBXBuildFile; fileRef = 378C452817855568008C253D /* QuartzCore.framework */; };
		378C452E178555A4008C253D /* ContentVC.xib in Resources */ = {isa = PBXBuildFile; fileRef = 378C452C178555A4008C253D /* ContentVC.xib */; };
		378C4533178555DE008C253D /* SettingsVC.xib in Resources */ = {isa = PBXBuildFile; fileRef = 378C4531178555DE008C253D /* SettingsVC.xib */; };
		37FAD0081785572B00AE462C /* RootVC.m in Sources */ = {isa = PBXBuildFile; fileRef = 37FAD0061785572B00AE462C /* RootVC.m */; };
		37FAD0091785572B00AE462C /* RootVC.xib in Resources */ = {isa = PBXBuildFile; fileRef = 37FAD0071785572B00AE462C /* RootVC.xib */; };
/* End PBXBuildFile section */

/* Begin PBXFileReference section */
		378C45051785550B008C253D /* FanSample.app */ = {isa = PBXFileReference; explicitFileType = wrapper.application; includeInIndex = 0; path = FanSample.app; sourceTree = BUILT_PRODUCTS_DIR; };
		378C45081785550B008C253D /* UIKit.framework */ = {isa = PBXFileReference; lastKnownFileType = wrapper.framework; name = UIKit.framework; path = System/Library/Frameworks/UIKit.framework; sourceTree = SDKROOT; };
		378C450A1785550B008C253D /* Foundation.framework */ = {isa = PBXFileReference; lastKnownFileType = wrapper.framework; name = Foundation.framework; path = System/Library/Frameworks/Foundation.framework; sourceTree = SDKROOT; };
		378C450C1785550B008C253D /* CoreGraphics.framework */ = {isa = PBXFileReference; lastKnownFileType = wrapper.framework; name = CoreGraphics.framework; path = System/Library/Frameworks/CoreGraphics.framework; sourceTree = SDKROOT; };
		378C45101785550B008C253D /* FanSample-Info.plist */ = {isa = PBXFileReference; lastKnownFileType = text.plist.xml; path = "FanSample-Info.plist"; sourceTree = "<group>"; };
		378C45121785550B008C253D /* en */ = {isa = PBXFileReference; lastKnownFileType = text.plist.strings; name = en; path = en.lproj/InfoPlist.strings; sourceTree = "<group>"; };
		378C45141785550B008C253D /* main.m */ = {isa = PBXFileReference; lastKnownFileType = sourcecode.c.objc; path = main.m; sourceTree = "<group>"; };
		378C45161785550B008C253D /* FanSample-Prefix.pch */ = {isa = PBXFileReference; lastKnownFileType = sourcecode.c.h; path = "FanSample-Prefix.pch"; sourceTree = "<group>"; };
		378C45171785550B008C253D /* AppDelegate.h */ = {isa = PBXFileReference; lastKnownFileType = sourcecode.c.h; path = AppDelegate.h; sourceTree = "<group>"; };
		378C45181785550B008C253D /* AppDelegate.m */ = {isa = PBXFileReference; lastKnownFileType = sourcecode.c.objc; path = AppDelegate.m; sourceTree = "<group>"; };
		378C451A1785550B008C253D /* Default.png */ = {isa = PBXFileReference; lastKnownFileType = image.png; path = Default.png; sourceTree = "<group>"; };
		378C451C1785550B008C253D /* Default@2x.png */ = {isa = PBXFileReference; lastKnownFileType = image.png; path = "Default@2x.png"; sourceTree = "<group>"; };
		378C451E1785550B008C253D /* Default-568h@2x.png */ = {isa = PBXFileReference; lastKnownFileType = image.png; path = "Default-568h@2x.png"; sourceTree = "<group>"; };
		378C45251785552B008C253D /* BIOFanController.h */ = {isa = PBXFileReference; fileEncoding = 4; lastKnownFileType = sourcecode.c.h; path = BIOFanController.h; sourceTree = "<group>"; };
		378C45261785552B008C253D /* BIOFanController.m */ = {isa = PBXFileReference; fileEncoding = 4; lastKnownFileType = sourcecode.c.objc; path = BIOFanController.m; sourceTree = "<group>"; };
		378C452817855568008C253D /* QuartzCore.framework */ = {isa = PBXFileReference; lastKnownFileType = wrapper.framework; name = QuartzCore.framework; path = System/Library/Frameworks/QuartzCore.framework; sourceTree = SDKROOT; };
		378C452C178555A4008C253D /* ContentVC.xib */ = {isa = PBXFileReference; fileEncoding = 4; lastKnownFileType = file.xib; path = ContentVC.xib; sourceTree = "<group>"; };
		378C4531178555DE008C253D /* SettingsVC.xib */ = {isa = PBXFileReference; fileEncoding = 4; lastKnownFileType = file.xib; path = SettingsVC.xib; sourceTree = "<group>"; };
		37FAD0051785572B00AE462C /* RootVC.h */ = {isa = PBXFileReference; fileEncoding = 4; lastKnownFileType = sourcecode.c.h; path = RootVC.h; sourceTree = "<group>"; };
		37FAD0061785572B00AE462C /* RootVC.m */ = {isa = PBXFileReference; fileEncoding = 4; lastKnownFileType = sourcecode.c.objc; path = RootVC.m; sourceTree = "<group>"; };
		37FAD0071785572B00AE462C /* RootVC.xib */ = {isa = PBXFileReference; fileEncoding = 4; lastKnownFileType = file.xib; path = RootVC.xib; sourceTree = "<group>"; };
/* End PBXFileReference section */

/* Begin PBXFrameworksBuildPhase section */
		378C45021785550B008C253D /* Frameworks */ = {
			isa = PBXFrameworksBuildPhase;
			buildActionMask = 2147483647;
			files = (
				378C452917855568008C253D /* QuartzCore.framework in Frameworks */,
				378C45091785550B008C253D /* UIKit.framework in Frameworks */,
				378C450B1785550B008C253D /* Foundation.framework in Frameworks */,
				378C450D1785550B008C253D /* CoreGraphics.framework in Frameworks */,
			);
			runOnlyForDeploymentPostprocessing = 0;
		};
/* End PBXFrameworksBuildPhase section */

/* Begin PBXGroup section */
		378C44FC1785550B008C253D = {
			isa = PBXGroup;
			children = (
				378C45251785552B008C253D /* BIOFanController.h */,
				378C45261785552B008C253D /* BIOFanController.m */,
				378C450E1785550B008C253D /* FanSample */,
				378C45071785550B008C253D /* Frameworks */,
				378C45061785550B008C253D /* Products */,
			);
			sourceTree = "<group>";
		};
		378C45061785550B008C253D /* Products */ = {
			isa = PBXGroup;
			children = (
				378C45051785550B008C253D /* FanSample.app */,
			);
			name = Products;
			sourceTree = "<group>";
		};
		378C45071785550B008C253D /* Frameworks */ = {
			isa = PBXGroup;
			children = (
				378C45081785550B008C253D /* UIKit.framework */,
				378C450A1785550B008C253D /* Foundation.framework */,
				378C450C1785550B008C253D /* CoreGraphics.framework */,
				378C452817855568008C253D /* QuartzCore.framework */,
			);
			name = Frameworks;
			sourceTree = "<group>";
		};
		378C450E1785550B008C253D /* FanSample */ = {
			isa = PBXGroup;
			children = (
				378C45171785550B008C253D /* AppDelegate.h */,
				378C45181785550B008C253D /* AppDelegate.m */,
				37FAD0051785572B00AE462C /* RootVC.h */,
				37FAD0061785572B00AE462C /* RootVC.m */,
				37FAD0071785572B00AE462C /* RootVC.xib */,
				378C452C178555A4008C253D /* ContentVC.xib */,
				378C4531178555DE008C253D /* SettingsVC.xib */,
				378C450F1785550B008C253D /* Supporting Files */,
			);
			path = FanSample;
			sourceTree = "<group>";
		};
		378C450F1785550B008C253D /* Supporting Files */ = {
			isa = PBXGroup;
			children = (
				378C45101785550B008C253D /* FanSample-Info.plist */,
				378C45111785550B008C253D /* InfoPlist.strings */,
				378C45141785550B008C253D /* main.m */,
				378C45161785550B008C253D /* FanSample-Prefix.pch */,
				378C451A1785550B008C253D /* Default.png */,
				378C451C1785550B008C253D /* Default@2x.png */,
				378C451E1785550B008C253D /* Default-568h@2x.png */,
			);
			name = "Supporting Files";
			sourceTree = "<group>";
		};
/* End PBXGroup section */

/* Begin PBXNativeTarget section */
		378C45041785550B008C253D /* FanSample */ = {
			isa = PBXNativeTarget;
			buildConfigurationList = 378C45221785550B008C253D /* Build configuration list for PBXNativeTarget "FanSample" */;
			buildPhases = (
				378C45011785550B008C253D /* Sources */,
				378C45021785550B008C253D /* Frameworks */,
				378C45031785550B008C253D /* Resources */,
			);
			buildRules = (
			);
			dependencies = (
			);
			name = FanSample;
			productName = FanSample;
			productReference = 378C45051785550B008C253D /* FanSample.app */;
			productType = "com.apple.product-type.application";
		};
/* End PBXNativeTarget section */

/* Begin PBXProject section */
		378C44FD1785550B008C253D /* Project object */ = {
			isa = PBXProject;
			attributes = {
				CLASSPREFIX = BOU;
				LastUpgradeCheck = 0460;
				ORGANIZATIONNAME = "Nicolas Bouilleaud";
			};
			buildConfigurationList = 378C45001785550B008C253D /* Build configuration list for PBXProject "FanSample" */;
			compatibilityVersion = "Xcode 3.2";
			developmentRegion = English;
			hasScannedForEncodings = 0;
			knownRegions = (
				en,
			);
			mainGroup = 378C44FC1785550B008C253D;
			productRefGroup = 378C45061785550B008C253D /* Products */;
			projectDirPath = "";
			projectRoot = "";
			targets = (
				378C45041785550B008C253D /* FanSample */,
			);
		};
/* End PBXProject section */

/* Begin PBXResourcesBuildPhase section */
		378C45031785550B008C253D /* Resources */ = {
			isa = PBXResourcesBuildPhase;
			buildActionMask = 2147483647;
			files = (
				378C45131785550B008C253D /* InfoPlist.strings in Resources */,
				378C451B1785550B008C253D /* Default.png in Resources */,
				378C451D1785550B008C253D /* Default@2x.png in Resources */,
				378C451F1785550B008C253D /* Default-568h@2x.png in Resources */,
				378C452E178555A4008C253D /* ContentVC.xib in Resources */,
				378C4533178555DE008C253D /* SettingsVC.xib in Resources */,
				37FAD0091785572B00AE462C /* RootVC.xib in Resources */,
			);
			runOnlyForDeploymentPostprocessing = 0;
		};
/* End PBXResourcesBuildPhase section */

/* Begin PBXSourcesBuildPhase section */
		378C45011785550B008C253D /* Sources */ = {
			isa = PBXSourcesBuildPhase;
			buildActionMask = 2147483647;
			files = (
				378C45151785550B008C253D /* main.m in Sources */,
				378C45191785550B008C253D /* AppDelegate.m in Sources */,
				378C45271785552B008C253D /* BIOFanController.m in Sources */,
				37FAD0081785572B00AE462C /* RootVC.m in Sources */,
			);
			runOnlyForDeploymentPostprocessing = 0;
		};
/* End PBXSourcesBuildPhase section */

/* Begin PBXVariantGroup section */
		378C45111785550B008C253D /* InfoPlist.strings */ = {
			isa = PBXVariantGroup;
			children = (
				378C45121785550B008C253D /* en */,
			);
			name = InfoPlist.strings;
			sourceTree = "<group>";
		};
/* End PBXVariantGroup section */

/* Begin XCBuildConfiguration section */
		378C45201785550B008C253D /* Debug */ = {
			isa = XCBuildConfiguration;
			buildSettings = {
				ALWAYS_SEARCH_USER_PATHS = NO;
				CLANG_CXX_LANGUAGE_STANDARD = "gnu++0x";
				CLANG_CXX_LIBRARY = "libc++";
				CLANG_ENABLE_OBJC_ARC = YES;
				CLANG_WARN_CONSTANT_CONVERSION = YES;
				CLANG_WARN_EMPTY_BODY = YES;
				CLANG_WARN_ENUM_CONVERSION = YES;
				CLANG_WARN_INT_CONVERSION = YES;
				CLANG_WARN__DUPLICATE_METHOD_MATCH = YES;
				"CODE_SIGN_IDENTITY[sdk=iphoneos*]" = "iPhone Developer";
				COPY_PHASE_STRIP = NO;
				GCC_C_LANGUAGE_STANDARD = gnu99;
				GCC_DYNAMIC_NO_PIC = NO;
				GCC_OPTIMIZATION_LEVEL = 0;
				GCC_PREPROCESSOR_DEFINITIONS = (
					"DEBUG=1",
					"$(inherited)",
				);
				GCC_SYMBOLS_PRIVATE_EXTERN = NO;
				GCC_WARN_ABOUT_RETURN_TYPE = YES;
				GCC_WARN_UNINITIALIZED_AUTOS = YES;
				GCC_WARN_UNUSED_VARIABLE = YES;
				IPHONEOS_DEPLOYMENT_TARGET = 6.1;
				ONLY_ACTIVE_ARCH = YES;
				SDKROOT = iphoneos;
			};
			name = Debug;
		};
		378C45211785550B008C253D /* Release */ = {
			isa = XCBuildConfiguration;
			buildSettings = {
				ALWAYS_SEARCH_USER_PATHS = NO;
				CLANG_CXX_LANGUAGE_STANDARD = "gnu++0x";
				CLANG_CXX_LIBRARY = "libc++";
				CLANG_ENABLE_OBJC_ARC = YES;
				CLANG_WARN_CONSTANT_CONVERSION = YES;
				CLANG_WARN_EMPTY_BODY = YES;
				CLANG_WARN_ENUM_CONVERSION = YES;
				CLANG_WARN_INT_CONVERSION = YES;
				CLANG_WARN__DUPLICATE_METHOD_MATCH = YES;
				"CODE_SIGN_IDENTITY[sdk=iphoneos*]" = "iPhone Developer";
				COPY_PHASE_STRIP = YES;
				GCC_C_LANGUAGE_STANDARD = gnu99;
				GCC_WARN_ABOUT_RETURN_TYPE = YES;
				GCC_WARN_UNINITIALIZED_AUTOS = YES;
				GCC_WARN_UNUSED_VARIABLE = YES;
				IPHONEOS_DEPLOYMENT_TARGET = 6.1;
				OTHER_CFLAGS = "-DNS_BLOCK_ASSERTIONS=1";
				SDKROOT = iphoneos;
				VALIDATE_PRODUCT = YES;
			};
			name = Release;
		};
		378C45231785550B008C253D /* Debug */ = {
			isa = XCBuildConfiguration;
			buildSettings = {
				GCC_PRECOMPILE_PREFIX_HEADER = YES;
				GCC_PREFIX_HEADER = "FanSample/FanSample-Prefix.pch";
				INFOPLIST_FILE = "FanSample/FanSample-Info.plist";
				PRODUCT_NAME = "$(TARGET_NAME)";
				WRAPPER_EXTENSION = app;
			};
			name = Debug;
		};
		378C45241785550B008C253D /* Release */ = {
			isa = XCBuildConfiguration;
			buildSettings = {
				GCC_PRECOMPILE_PREFIX_HEADER = YES;
				GCC_PREFIX_HEADER = "FanSample/FanSample-Prefix.pch";
				INFOPLIST_FILE = "FanSample/FanSample-Info.plist";
				PRODUCT_NAME = "$(TARGET_NAME)";
				WRAPPER_EXTENSION = app;
			};
			name = Release;
		};
/* End XCBuildConfiguration section */

/* Begin XCConfigurationList section */
		378C45001785550B008C253D /* Build configuration list for PBXProject "FanSample" */ = {
			isa = XCConfigurationList;
			buildConfigurations = (
				378C45201785550B008C253D /* Debug */,
				378C45211785550B008C253D /* Release */,
			);
			defaultConfigurationIsVisible = 0;
			defaultConfigurationName = Release;
		};
		378C45221785550B008C253D /* Build configuration list for PBXNativeTarget "FanSample" */ = {
			isa = XCConfigurationList;
			buildConfigurations = (
				378C45231785550B008C253D /* Debug */,
				378C45241785550B008C253D /* Release */,
			);
			defaultConfigurationIsVisible = 0;
			defaultConfigurationName = Release;
		};
/* End XCConfigurationList section */
	};
	rootObject = 378C44FD1785550B008C253D /* Project object */;
}
